<?xml version="1.0" encoding="utf-8"?>
<Project ToolsVersion="4.0" xmlns="http://schemas.microsoft.com/developer/msbuild/2003">
  <ItemGroup>
    <Filter Include="Source Files">
      <UniqueIdentifier>{4FC737F1-C7A5-4376-A066-2A32D752A2FF}</UniqueIdentifier>
      <Extensions>cpp;c;cc;cxx;def;odl;idl;hpj;bat;asm;asmx</Extensions>
    </Filter>
    <Filter Include="Header Files">
      <UniqueIdentifier>{93995380-89BD-4b04-88EB-625FBE52EBFB}</UniqueIdentifier>
      <Extensions>h;hh;hpp;hxx;hm;inl;inc;xsd</Extensions>
    </Filter>
    <Filter Include="Resource Files">
      <UniqueIdentifier>{67DA6AB6-F800-4c08-8B7A-83BB121AAD01}</UniqueIdentifier>
      <Extensions>rc;ico;cur;bmp;dlg;rc2;rct;bin;rgs;gif;jpg;jpeg;jpe;resx;tiff;tif;png;wav;mfcribbon-ms</Extensions>
    </Filter>
  </ItemGroup>
  <ItemGroup>
    <ClCompile Include="1212.c">
      <Filter>Resource Files</Filter>
    </ClCompile>
    <ClCompile Include="6588.cpp">
      <Filter>Resource Files</Filter>
    </ClCompile>
    <ClCompile Include="practice2.cpp">
      <Filter>Resource Files</Filter>
    </ClCompile>
    <ClCompile Include="2441.cpp">
      <Filter>Resource Files</Filter>
    </ClCompile>
    <ClCompile Include="10871.cpp">
      <Filter>Resource Files</Filter>
    </ClCompile>
    <ClCompile Include="10845.cpp">
      <Filter>Resource Files</Filter>
    </ClCompile>
    <ClCompile Include="10828.cpp">
      <Filter>Resource Files</Filter>
    </ClCompile>
    <ClCompile Include="5397.cpp">
      <Filter>Resource Files</Filter>
    </ClCompile>
    <ClCompile Include="10942.cpp">
      <Filter>Resource Files</Filter>
    </ClCompile>
    <ClCompile Include="2953.cpp">
      <Filter>Resource Files</Filter>
    </ClCompile>
    <ClCompile Include="1000.cpp">
      <Filter>Resource Files</Filter>
    </ClCompile>
    <ClCompile Include="10990.cpp">
      <Filter>Resource Files</Filter>
    </ClCompile>
    <ClCompile Include="11656.cpp">
      <Filter>Resource Files</Filter>
    </ClCompile>
    <ClCompile Include="2636.cpp">
      <Filter>Resource Files</Filter>
    </ClCompile>
    <ClCompile Include="10991.cpp">
      <Filter>Resource Files</Filter>
    </ClCompile>
    <ClCompile Include="10992.cpp">
      <Filter>Resource Files</Filter>
    </ClCompile>
    <ClCompile Include="9012.cpp">
      <Filter>Resource Files</Filter>
    </ClCompile>
    <ClCompile Include="1697.cpp">
      <Filter>Resource Files</Filter>
    </ClCompile>
    <ClCompile Include="1032.cpp">
      <Filter>Resource Files</Filter>
    </ClCompile>
    <ClCompile Include="10824.cpp">
      <Filter>Resource Files</Filter>
    </ClCompile>
    <ClCompile Include="1292.cpp">
      <Filter>Resource Files</Filter>
    </ClCompile>
    <ClCompile Include="1158.cpp">
      <Filter>Resource Files</Filter>
    </ClCompile>
    <ClCompile Include="11403.cpp">
      <Filter>Resource Files</Filter>
    </ClCompile>
    <ClCompile Include="10158.cpp">
      <Filter>Resource Files</Filter>
    </ClCompile>
    <ClCompile Include="2512.cpp">
      <Filter>Resource Files</Filter>
    </ClCompile>
    <ClCompile Include="1260.cpp">
      <Filter>Resource Files</Filter>
    </ClCompile>
    <ClCompile Include="10159.cpp">
      <Filter>Resource Files</Filter>
    </ClCompile>
    <ClCompile Include="2178.cpp">
      <Filter>Resource Files</Filter>
    </ClCompile>
    <ClCompile Include="9663.cpp">
      <Filter>Resource Files</Filter>
    </ClCompile>
    <ClCompile Include="backtracking.cpp">
      <Filter>Resource Files</Filter>
    </ClCompile>
    <ClCompile Include="2804.cpp">
      <Filter>Resource Files</Filter>
    </ClCompile>
    <ClCompile Include="10162.cpp">
      <Filter>Resource Files</Filter>
    </ClCompile>
    <ClCompile Include="11637.cpp">
      <Filter>Resource Files</Filter>
    </ClCompile>
    <ClCompile Include="10448.cpp">
      <Filter>Resource Files</Filter>
    </ClCompile>
    <ClCompile Include="1405.cpp">
      <Filter>Resource Files</Filter>
    </ClCompile>
    <ClCompile Include="2338.cpp">
      <Filter>Resource Files</Filter>
    </ClCompile>
    <ClCompile Include="7576.cpp">
      <Filter>Resource Files</Filter>
    </ClCompile>
    <ClCompile Include="2493.cpp">
      <Filter>Resource Files</Filter>
    </ClCompile>
    <ClCompile Include="4963.cpp">
      <Filter>Resource Files</Filter>
    </ClCompile>
    <ClCompile Include="2468.cpp">
      <Filter>Resource Files</Filter>
    </ClCompile>
    <ClCompile Include="1920.cpp">
      <Filter>Resource Files</Filter>
    </ClCompile>
    <ClCompile Include="1476.cpp">
      <Filter>Resource Files</Filter>
    </ClCompile>
    <ClCompile Include="9095.cpp">
      <Filter>Resource Files</Filter>
    </ClCompile>
    <ClCompile Include="6603.cpp">
      <Filter>Resource Files</Filter>
    </ClCompile>
    <ClCompile Include="2629.cpp">
      <Filter>Resource Files</Filter>
    </ClCompile>
    <ClCompile Include="11945.cpp">
      <Filter>Resource Files</Filter>
    </ClCompile>
    <ClCompile Include="2193.cpp">
      <Filter>Resource Files</Filter>
    </ClCompile>
    <ClCompile Include="1003.cpp">
      <Filter>Resource Files</Filter>
    </ClCompile>
    <ClCompile Include="5988.cpp">
      <Filter>Resource Files</Filter>
    </ClCompile>
    <ClCompile Include="11943.cpp">
      <Filter>Resource Files</Filter>
    </ClCompile>
    <ClCompile Include="7568.cpp">
      <Filter>Resource Files</Filter>
    </ClCompile>
    <ClCompile Include="2606.cpp">
      <Filter>Resource Files</Filter>
    </ClCompile>
    <ClCompile Include="1012.cpp">
      <Filter>Resource Files</Filter>
    </ClCompile>
    <ClCompile Include="10815.cpp">
      <Filter>Resource Files</Filter>
    </ClCompile>
    <ClCompile Include="1904.cpp">
      <Filter>Resource Files</Filter>
    </ClCompile>
    <ClCompile Include="11726.cpp">
      <Filter>Resource Files</Filter>
    </ClCompile>
    <ClCompile Include="11727.cpp">
      <Filter>Resource Files</Filter>
    </ClCompile>
    <ClCompile Include="1932.cpp">
      <Filter>Resource Files</Filter>
    </ClCompile>
    <ClCompile Include="11053.cpp">
      <Filter>Resource Files</Filter>
    </ClCompile>
    <ClCompile Include="11054.cpp">
      <Filter>Resource Files</Filter>
    </ClCompile>
    <ClCompile Include="2565.cpp">
      <Filter>Resource Files</Filter>
    </ClCompile>
    <ClCompile Include="1965.cpp">
      <Filter>Resource Files</Filter>
    </ClCompile>
    <ClCompile Include="1463.cpp">
      <Filter>Resource Files</Filter>
    </ClCompile>
    <ClCompile Include="1309.cpp">
      <Filter>Resource Files</Filter>
    </ClCompile>
    <ClCompile Include="2146.cpp">
      <Filter>Resource Files</Filter>
    </ClCompile>
    <ClCompile Include="2644.cpp">
      <Filter>Resource Files</Filter>
    </ClCompile>
    <ClCompile Include="1325.cpp">
      <Filter>Resource Files</Filter>
    </ClCompile>
    <ClCompile Include="SetClock.cpp">
      <Filter>Resource Files</Filter>
    </ClCompile>
    <ClCompile Include="10807.cpp">
      <Filter>Resource Files</Filter>
    </ClCompile>
    <ClCompile Include="10810.cpp">
      <Filter>Resource Files</Filter>
    </ClCompile>
    <ClCompile Include="10811.cpp">
      <Filter>Resource Files</Filter>
    </ClCompile>
    <ClCompile Include="10812.cpp">
      <Filter>Resource Files</Filter>
    </ClCompile>
    <ClCompile Include="10813.cpp">
      <Filter>Resource Files</Filter>
    </ClCompile>
    <ClCompile Include="2750.cpp">
      <Filter>Resource Files</Filter>
    </ClCompile>
    <ClCompile Include="1181.cpp">
      <Filter>Resource Files</Filter>
    </ClCompile>
    <ClCompile Include="11650.cpp">
      <Filter>Resource Files</Filter>
    </ClCompile>
    <ClCompile Include="11651.cpp">
      <Filter>Resource Files</Filter>
    </ClCompile>
    <ClCompile Include="10799.cpp">
      <Filter>Resource Files</Filter>
    </ClCompile>
    <ClCompile Include="1406.cpp">
      <Filter>Resource Files</Filter>
    </ClCompile>
    <ClCompile Include="10866.cpp">
      <Filter>Resource Files</Filter>
    </ClCompile>
    <ClCompile Include="6378.cpp">
      <Filter>Resource Files</Filter>
    </ClCompile>
    <ClCompile Include="1010.cpp">
      <Filter>Resource Files</Filter>
    </ClCompile>
    <ClCompile Include="2156.cpp">
      <Filter>Resource Files</Filter>
    </ClCompile>
    <ClCompile Include="2293.cpp">
      <Filter>Resource Files</Filter>
    </ClCompile>
    <ClCompile Include="9461.cpp">
      <Filter>Resource Files</Filter>
    </ClCompile>
    <ClCompile Include="9465.cpp">
      <Filter>Resource Files</Filter>
    </ClCompile>
    <ClCompile Include="10844.cpp">
      <Filter>Resource Files</Filter>
    </ClCompile>
    <ClCompile Include="2294.cpp">
      <Filter>Resource Files</Filter>
    </ClCompile>
    <ClCompile Include="7569.cpp">
      <Filter>Resource Files</Filter>
    </ClCompile>
    <ClCompile Include="1963.cpp">
      <Filter>Resource Files</Filter>
    </ClCompile>
    <ClCompile Include="11724.cpp">
      <Filter>Resource Files</Filter>
    </ClCompile>
    <ClCompile Include="1613.cpp">
      <Filter>Resource Files</Filter>
    </ClCompile>
    <ClCompile Include="j1006.cpp">
      <Filter>Resource Files</Filter>
    </ClCompile>
    <ClCompile Include="1600.cpp">
      <Filter>Resource Files</Filter>
    </ClCompile>
    <ClCompile Include="j1411.cpp">
      <Filter>Resource Files</Filter>
    </ClCompile>
    <ClCompile Include="10430.cpp">
      <Filter>Resource Files</Filter>
    </ClCompile>
    <ClCompile Include="9613.cpp">
      <Filter>Resource Files</Filter>
    </ClCompile>
    <ClCompile Include="2609.cpp">
      <Filter>Resource Files</Filter>
    </ClCompile>
    <ClCompile Include="1934.cpp">
      <Filter>Resource Files</Filter>
    </ClCompile>
    <ClCompile Include="2089.cpp">
      <Filter>Resource Files</Filter>
    </ClCompile>
    <ClCompile Include="1978.cpp">
      <Filter>Resource Files</Filter>
    </ClCompile>
    <ClCompile Include="1929.cpp">
      <Filter>Resource Files</Filter>
    </ClCompile>
    <ClCompile Include="j1382.cpp">
      <Filter>Resource Files</Filter>
    </ClCompile>
    <ClCompile Include="j1024.cpp">
      <Filter>Resource Files</Filter>
    </ClCompile>
    <ClCompile Include="j2112.cpp">
      <Filter>Resource Files</Filter>
    </ClCompile>
    <ClCompile Include="11653.cpp">
      <Filter>Resource Files</Filter>
    </ClCompile>
    <ClCompile Include="2745.cpp">
      <Filter>Resource Files</Filter>
    </ClCompile>
  </ItemGroup>
</Project>